Microsoft Visual Studio Solution File, Format Version 12.00
# Visual Studio 2012
Project("{FAE04EC0-301F-11D3-BF4B-00C04F79EFBC}") = "GripOfMadness", "GripOfMadness.csproj", "{FAF2BE7E-F5C1-4C8B-BF25-1E2236936351}"
EndProject
Global
	GlobalSection(SolutionConfigurationPlatforms) = preSolution
	Debug|Any CPU = Debug|Any CPU
	ExportDebug|Any CPU = ExportDebug|Any CPU
	ExportRelease|Any CPU = ExportRelease|Any CPU
	EndGlobalSection
	GlobalSection(ProjectConfigurationPlatforms) = postSolution
		{FAF2BE7E-F5C1-4C8B-BF25-1E2236936351}.Debug|Any CPU.ActiveCfg = Debug|Any CPU
		{FAF2BE7E-F5C1-4C8B-BF25-1E2236936351}.Debug|Any CPU.Build.0 = Debug|Any CPU
		{FAF2BE7E-F5C1-4C8B-BF25-1E2236936351}.ExportDebug|Any CPU.ActiveCfg = ExportDebug|Any CPU
		{FAF2BE7E-F5C1-4C8B-BF25-1E2236936351}.ExportDebug|Any CPU.Build.0 = ExportDebug|Any CPU
		{FAF2BE7E-F5C1-4C8B-BF25-1E2236936351}.ExportRelease|Any CPU.ActiveCfg = ExportRelease|Any CPU
		{FAF2BE7E-F5C1-4C8B-BF25-1E2236936351}.ExportRelease|Any CPU.Build.0 = ExportRelease|Any CPU
	EndGlobalSection
EndGlobal
